
Microsoft Visual Studio Solution File, Format Version 12.00
# Visual Studio Version 16
VisualStudioVersion = 16.0.33801.447
MinimumVisualStudioVersion = 10.0.40219.1
Project("{9A19103F-16F7-4668-BE54-9A1E7A4F7556}") = "Entidades", "Entidades\Entidades.csproj", "{79791AAD-914D-4412-8F2B-0C20F536B4FD}"
EndProject
Project("{FAE04EC0-301F-11D3-BF4B-00C04F79EFBC}") = "AccesoDatos", "AccesoDatos\AccesoDatos.csproj", "{72E6F14E-DCC2-4239-86FB-E940487559CB}"
EndProject
Project("{FAE04EC0-301F-11D3-BF4B-00C04F79EFBC}") = "Negocio", "Negocio\Negocio.csproj", "{DEFA0B19-A2D9-4174-A4AC-53CCC2AC7750}"
EndProject
Project("{FAE04EC0-301F-11D3-BF4B-00C04F79EFBC}") = "Hotel_WebApi", "Hotel_WebApi\Hotel_WebApi.csproj", "{9C8F5D9A-C88C-4408-AD53-AEFAE1451E87}"
EndProject
Global
	GlobalSection(SolutionConfigurationPlatforms) = preSolution
		Debug|Any CPU = Debug|Any CPU
		Release|Any CPU = Release|Any CPU
	EndGlobalSection
	GlobalSection(ProjectConfigurationPlatforms) = postSolution
		{79791AAD-914D-4412-8F2B-0C20F536B4FD}.Debug|Any CPU.ActiveCfg = Debug|Any CPU
		{79791AAD-914D-4412-8F2B-0C20F536B4FD}.Debug|Any CPU.Build.0 = Debug|Any CPU
		{79791AAD-914D-4412-8F2B-0C20F536B4FD}.Release|Any CPU.ActiveCfg = Release|Any CPU
		{79791AAD-914D-4412-8F2B-0C20F536B4FD}.Release|Any CPU.Build.0 = Release|Any CPU
		{72E6F14E-DCC2-4239-86FB-E940487559CB}.Debug|Any CPU.ActiveCfg = Debug|Any CPU
		{72E6F14E-DCC2-4239-86FB-E940487559CB}.Debug|Any CPU.Build.0 = Debug|Any CPU
		{72E6F14E-DCC2-4239-86FB-E940487559CB}.Release|Any CPU.ActiveCfg = Release|Any CPU
		{72E6F14E-DCC2-4239-86FB-E940487559CB}.Release|Any CPU.Build.0 = Release|Any CPU
		{DEFA0B19-A2D9-4174-A4AC-53CCC2AC7750}.Debug|Any CPU.ActiveCfg = Debug|Any CPU
		{DEFA0B19-A2D9-4174-A4AC-53CCC2AC7750}.Debug|Any CPU.Build.0 = Debug|Any CPU
		{DEFA0B19-A2D9-4174-A4AC-53CCC2AC7750}.Release|Any CPU.ActiveCfg = Release|Any CPU
		{DEFA0B19-A2D9-4174-A4AC-53CCC2AC7750}.Release|Any CPU.Build.0 = Release|Any CPU
		{9C8F5D9A-C88C-4408-AD53-AEFAE1451E87}.Debug|Any CPU.ActiveCfg = Debug|Any CPU
		{9C8F5D9A-C88C-4408-AD53-AEFAE1451E87}.Debug|Any CPU.Build.0 = Debug|Any CPU
		{9C8F5D9A-C88C-4408-AD53-AEFAE1451E87}.Release|Any CPU.ActiveCfg = Release|Any CPU
		{9C8F5D9A-C88C-4408-AD53-AEFAE1451E87}.Release|Any CPU.Build.0 = Release|Any CPU
	EndGlobalSection
	GlobalSection(SolutionProperties) = preSolution
		HideSolutionNode = FALSE
	EndGlobalSection
	GlobalSection(ExtensibilityGlobals) = postSolution
		SolutionGuid = {0ACD4301-EBA2-426A-A5BB-57F2BC65E8AE}
	EndGlobalSection
EndGlobal
